// !$*UTF8*$!
{
	archiveVersion = 1;
	classes = {
	};
	objectVersion = 56;
	objects = {

/* Begin PBXBuildFile section */
		A676BC232C5A604C00BB034D /* AppDelegate.swift in Sources */ = {isa = PBXBuildFile; fileRef = A676BC222C5A604C00BB034D /* AppDelegate.swift */; };
		A676BC252C5A604C00BB034D /* SceneDelegate.swift in Sources */ = {isa = PBXBuildFile; fileRef = A676BC242C5A604C00BB034D /* SceneDelegate.swift */; };
		A676BC2C2C5A604E00BB034D /* Assets.xcassets in Resources */ = {isa = PBXBuildFile; fileRef = A676BC2B2C5A604E00BB034D /* Assets.xcassets */; };
		A676BC2F2C5A604E00BB034D /* Base in Resources */ = {isa = PBXBuildFile; fileRef = A676BC2E2C5A604E00BB034D /* Base */; };
		A676BC3C2C5A60CD00BB034D /* MainVC.swift in Sources */ = {isa = PBXBuildFile; fileRef = A676BC3A2C5A60CD00BB034D /* MainVC.swift */; };
		A676BC3D2C5A60CD00BB034D /* MainVC.xib in Resources */ = {isa = PBXBuildFile; fileRef = A676BC3B2C5A60CD00BB034D /* MainVC.xib */; };
		A676BC442C5A631000BB034D /* ServiceManager.swift in Sources */ = {isa = PBXBuildFile; fileRef = A676BC432C5A631000BB034D /* ServiceManager.swift */; };
		A676BC462C5A633400BB034D /* MainVM.swift in Sources */ = {isa = PBXBuildFile; fileRef = A676BC452C5A633400BB034D /* MainVM.swift */; };
		E4C306080378988C9892BB39 /* Pods_MovieApp.framework in Frameworks */ = {isa = PBXBuildFile; fileRef = A67E361AEF6D01DCF188A71A /* Pods_MovieApp.framework */; };
/* End PBXBuildFile section */

/* Begin PBXFileReference section */
		5453371E7F5A37A8959672B9 /* Pods-MovieApp.release.xcconfig */ = {isa = PBXFileReference; includeInIndex = 1; lastKnownFileType = text.xcconfig; name = "Pods-MovieApp.release.xcconfig"; path = "Target Support Files/Pods-MovieApp/Pods-MovieApp.release.xcconfig"; sourceTree = "<group>"; };
		9296C7AA0A30FEC7F6A419DB /* Pods-MovieApp.debug.xcconfig */ = {isa = PBXFileReference; includeInIndex = 1; lastKnownFileType = text.xcconfig; name = "Pods-MovieApp.debug.xcconfig"; path = "Target Support Files/Pods-MovieApp/Pods-MovieApp.debug.xcconfig"; sourceTree = "<group>"; };
		A676BC1F2C5A604C00BB034D /* MovieApp.app */ = {isa = PBXFileReference; explicitFileType = wrapper.application; includeInIndex = 0; path = MovieApp.app; sourceTree = BUILT_PRODUCTS_DIR; };
		A676BC222C5A604C00BB034D /* AppDelegate.swift */ = {isa = PBXFileReference; lastKnownFileType = sourcecode.swift; path = AppDelegate.swift; sourceTree = "<group>"; };
		A676BC242C5A604C00BB034D /* SceneDelegate.swift */ = {isa = PBXFileReference; lastKnownFileType = sourcecode.swift; path = SceneDelegate.swift; sourceTree = "<group>"; };
		A676BC2B2C5A604E00BB034D /* Assets.xcassets */ = {isa = PBXFileReference; lastKnownFileType = folder.assetcatalog; path = Assets.xcassets; sourceTree = "<group>"; };
		A676BC2E2C5A604E00BB034D /* Base */ = {isa = PBXFileReference; lastKnownFileType = file.storyboard; name = Base; path = Base.lproj/LaunchScreen.storyboard; sourceTree = "<group>"; };
		A676BC302C5A604E00BB034D /* Info.plist */ = {isa = PBXFileReference; lastKnownFileType = text.plist.xml; path = Info.plist; sourceTree = "<group>"; };
		A676BC3A2C5A60CD00BB034D /* MainVC.swift */ = {isa = PBXFileReference; lastKnownFileType = sourcecode.swift; path = MainVC.swift; sourceTree = "<group>"; };
		A676BC3B2C5A60CD00BB034D /* MainVC.xib */ = {isa = PBXFileReference; lastKnownFileType = file.xib; path = MainVC.xib; sourceTree = "<group>"; };
		A676BC432C5A631000BB034D /* ServiceManager.swift */ = {isa = PBXFileReference; lastKnownFileType = sourcecode.swift; path = ServiceManager.swift; sourceTree = "<group>"; };
		A676BC452C5A633400BB034D /* MainVM.swift */ = {isa = PBXFileReference; lastKnownFileType = sourcecode.swift; path = MainVM.swift; sourceTree = "<group>"; };
		A67E361AEF6D01DCF188A71A /* Pods_MovieApp.framework */ = {isa = PBXFileReference; explicitFileType = wrapper.framework; includeInIndex = 0; path = Pods_MovieApp.framework; sourceTree = BUILT_PRODUCTS_DIR; };
/* End PBXFileReference section */

/* Begin PBXFrameworksBuildPhase section */
		A676BC1C2C5A604C00BB034D /* Frameworks */ = {
			isa = PBXFrameworksBuildPhase;
			buildActionMask = 2147483647;
			files = (
				E4C306080378988C9892BB39 /* Pods_MovieApp.framework in Frameworks */,
			);
			runOnlyForDeploymentPostprocessing = 0;
		};
/* End PBXFrameworksBuildPhase section */

/* Begin PBXGroup section */
		9B3B44008338496BC6FFF992 /* Pods */ = {
			isa = PBXGroup;
			children = (
				9296C7AA0A30FEC7F6A419DB /* Pods-MovieApp.debug.xcconfig */,
				5453371E7F5A37A8959672B9 /* Pods-MovieApp.release.xcconfig */,
			);
			path = Pods;
			sourceTree = "<group>";
		};
		9E30F62B6DF72A3D7C607036 /* Frameworks */ = {
			isa = PBXGroup;
			children = (
				A67E361AEF6D01DCF188A71A /* Pods_MovieApp.framework */,
			);
			name = Frameworks;
			sourceTree = "<group>";
		};
		A676BC162C5A604C00BB034D = {
			isa = PBXGroup;
			children = (
				A676BC212C5A604C00BB034D /* MovieApp */,
				A676BC202C5A604C00BB034D /* Products */,
				9B3B44008338496BC6FFF992 /* Pods */,
				9E30F62B6DF72A3D7C607036 /* Frameworks */,
			);
			sourceTree = "<group>";
		};
		A676BC202C5A604C00BB034D /* Products */ = {
			isa = PBXGroup;
			children = (
				A676BC1F2C5A604C00BB034D /* MovieApp.app */,
			);
			name = Products;
			sourceTree = "<group>";
		};
		A676BC212C5A604C00BB034D /* MovieApp */ = {
			isa = PBXGroup;
			children = (
				A676BC362C5A606100BB034D /* Delegates */,
				A676BC372C5A608100BB034D /* Resources */,
				A676BC382C5A608E00BB034D /* Storyboards */,
				A676BC392C5A609800BB034D /* Supports */,
				A676BC3E2C5A60D200BB034D /* Modules */,
				A676BC482C5A634400BB034D /* Manager */,
			);
			path = MovieApp;
			sourceTree = "<group>";
		};
		A676BC362C5A606100BB034D /* Delegates */ = {
			isa = PBXGroup;
			children = (
				A676BC222C5A604C00BB034D /* AppDelegate.swift */,
				A676BC242C5A604C00BB034D /* SceneDelegate.swift */,
			);
			path = Delegates;
			sourceTree = "<group>";
		};
		A676BC372C5A608100BB034D /* Resources */ = {
			isa = PBXGroup;
			children = (
				A676BC2B2C5A604E00BB034D /* Assets.xcassets */,
			);
			path = Resources;
			sourceTree = "<group>";
		};
		A676BC382C5A608E00BB034D /* Storyboards */ = {
			isa = PBXGroup;
			children = (
				A676BC2D2C5A604E00BB034D /* LaunchScreen.storyboard */,
			);
			path = Storyboards;
			sourceTree = "<group>";
		};
		A676BC392C5A609800BB034D /* Supports */ = {
			isa = PBXGroup;
			children = (
				A676BC302C5A604E00BB034D /* Info.plist */,
			);
			path = Supports;
			sourceTree = "<group>";
		};
		A676BC3E2C5A60D200BB034D /* Modules */ = {
			isa = PBXGroup;
			children = (
				A676BC3F2C5A60DB00BB034D /* Main */,
			);
			path = Modules;
			sourceTree = "<group>";
		};
		A676BC3F2C5A60DB00BB034D /* Main */ = {
			isa = PBXGroup;
			children = (
				A676BC402C5A60E200BB034D /* Controller */,
				A676BC472C5A633E00BB034D /* ViewModel */,
			);
			path = Main;
			sourceTree = "<group>";
		};
		A676BC402C5A60E200BB034D /* Controller */ = {
			isa = PBXGroup;
			children = (
				A676BC3A2C5A60CD00BB034D /* MainVC.swift */,
				A676BC3B2C5A60CD00BB034D /* MainVC.xib */,
			);
			path = Controller;
			sourceTree = "<group>";
		};
		A676BC472C5A633E00BB034D /* ViewModel */ = {
			isa = PBXGroup;
			children = (
				A676BC452C5A633400BB034D /* MainVM.swift */,
			);
			path = ViewModel;
			sourceTree = "<group>";
		};
		A676BC482C5A634400BB034D /* Manager */ = {
			isa = PBXGroup;
			children = (
				A676BC432C5A631000BB034D /* ServiceManager.swift */,
			);
			path = Manager;
			sourceTree = "<group>";
		};
/* End PBXGroup section */

/* Begin PBXNativeTarget section */
		A676BC1E2C5A604C00BB034D /* MovieApp */ = {
			isa = PBXNativeTarget;
			buildConfigurationList = A676BC332C5A604E00BB034D /* Build configuration list for PBXNativeTarget "MovieApp" */;
			buildPhases = (
				EFD59C0EDE85329BB755F73A /* [CP] Check Pods Manifest.lock */,
				A676BC1B2C5A604C00BB034D /* Sources */,
				A676BC1C2C5A604C00BB034D /* Frameworks */,
				A676BC1D2C5A604C00BB034D /* Resources */,
				CA859CD050C9A95A216EBF8C /* [CP] Embed Pods Frameworks */,
			);
			buildRules = (
			);
			dependencies = (
			);
			name = MovieApp;
			productName = MovieApp;
			productReference = A676BC1F2C5A604C00BB034D /* MovieApp.app */;
			productType = "com.apple.product-type.application";
		};
/* End PBXNativeTarget section */

/* Begin PBXProject section */
		A676BC172C5A604C00BB034D /* Project object */ = {
			isa = PBXProject;
			attributes = {
				BuildIndependentTargetsInParallel = 1;
				LastSwiftUpdateCheck = 1540;
				LastUpgradeCheck = 1540;
				TargetAttributes = {
					A676BC1E2C5A604C00BB034D = {
						CreatedOnToolsVersion = 15.4;
					};
				};
			};
			buildConfigurationList = A676BC1A2C5A604C00BB034D /* Build configuration list for PBXProject "MovieApp" */;
			compatibilityVersion = "Xcode 14.0";
			developmentRegion = en;
			hasScannedForEncodings = 0;
			knownRegions = (
				en,
				Base,
			);
			mainGroup = A676BC162C5A604C00BB034D;
			productRefGroup = A676BC202C5A604C00BB034D /* Products */;
			projectDirPath = "";
			projectRoot = "";
			targets = (
				A676BC1E2C5A604C00BB034D /* MovieApp */,
			);
		};
/* End PBXProject section */

/* Begin PBXResourcesBuildPhase section */
		A676BC1D2C5A604C00BB034D /* Resources */ = {
			isa = PBXResourcesBuildPhase;
			buildActionMask = 2147483647;
			files = (
				A676BC3D2C5A60CD00BB034D /* MainVC.xib in Resources */,
				A676BC2C2C5A604E00BB034D /* Assets.xcassets in Resources */,
				A676BC2F2C5A604E00BB034D /* Base in Resources */,
			);
			runOnlyForDeploymentPostprocessing = 0;
		};
/* End PBXResourcesBuildPhase section */

/* Begin PBXShellScriptBuildPhase section */
		CA859CD050C9A95A216EBF8C /* [CP] Embed Pods Frameworks */ = {
			isa = PBXShellScriptBuildPhase;
			buildActionMask = 2147483647;
			files = (
			);
			inputFileListPaths = (
				"${PODS_ROOT}/Target Support Files/Pods-MovieApp/Pods-MovieApp-frameworks-${CONFIGURATION}-input-files.xcfilelist",
			);
			name = "[CP] Embed Pods Frameworks";
			outputFileListPaths = (
				"${PODS_ROOT}/Target Support Files/Pods-MovieApp/Pods-MovieApp-frameworks-${CONFIGURATION}-output-files.xcfilelist",
			);
			runOnlyForDeploymentPostprocessing = 0;
			shellPath = /bin/sh;
			shellScript = "\"${PODS_ROOT}/Target Support Files/Pods-MovieApp/Pods-MovieApp-frameworks.sh\"\n";
			showEnvVarsInLog = 0;
		};
		EFD59C0EDE85329BB755F73A /* [CP] Check Pods Manifest.lock */ = {
			isa = PBXShellScriptBuildPhase;
			buildActionMask = 2147483647;
			files = (
			);
			inputFileListPaths = (
			);
			inputPaths = (
				"${PODS_PODFILE_DIR_PATH}/Podfile.lock",
				"${PODS_ROOT}/Manifest.lock",
			);
			name = "[CP] Check Pods Manifest.lock";
			outputFileListPaths = (
			);
			outputPaths = (
				"$(DERIVED_FILE_DIR)/Pods-MovieApp-checkManifestLockResult.txt",
			);
			runOnlyForDeploymentPostprocessing = 0;
			shellPath = /bin/sh;
			shellScript = "diff \"${PODS_PODFILE_DIR_PATH}/Podfile.lock\" \"${PODS_ROOT}/Manifest.lock\" > /dev/null\nif [ $? != 0 ] ; then\n    # print error to STDERR\n    echo \"error: The sandbox is not in sync with the Podfile.lock. Run 'pod install' or update your CocoaPods installation.\" >&2\n    exit 1\nfi\n# This output is used by Xcode 'outputs' to avoid re-running this script phase.\necho \"SUCCESS\" > \"${SCRIPT_OUTPUT_FILE_0}\"\n";
			showEnvVarsInLog = 0;
		};
/* End PBXShellScriptBuildPhase section */

/* Begin PBXSourcesBuildPhase section */
		A676BC1B2C5A604C00BB034D /* Sources */ = {
			isa = PBXSourcesBuildPhase;
			buildActionMask = 2147483647;
			files = (
				A676BC232C5A604C00BB034D /* AppDelegate.swift in Sources */,
				A676BC462C5A633400BB034D /* MainVM.swift in Sources */,
				A676BC3C2C5A60CD00BB034D /* MainVC.swift in Sources */,
				A676BC252C5A604C00BB034D /* SceneDelegate.swift in Sources */,
				A676BC442C5A631000BB034D /* ServiceManager.swift in Sources */,
			);
			runOnlyForDeploymentPostprocessing = 0;
		};
/* End PBXSourcesBuildPhase section */

/* Begin PBXVariantGroup section */
		A676BC2D2C5A604E00BB034D /* LaunchScreen.storyboard */ = {
			isa = PBXVariantGroup;
			children = (
				A676BC2E2C5A604E00BB034D /* Base */,
			);
			name = LaunchScreen.storyboard;
			sourceTree = "<group>";
		};
/* End PBXVariantGroup section */

/* Begin XCBuildConfiguration section */
		A676BC312C5A604E00BB034D /* Debug */ = {
			isa = XCBuildConfiguration;
			buildSettings = {
				ALWAYS_SEARCH_USER_PATHS = NO;
				ASSETCATALOG_COMPILER_GENERATE_SWIFT_ASSET_SYMBOL_EXTENSIONS = YES;
				CLANG_ANALYZER_NONNULL = YES;
				CLANG_ANALYZER_NUMBER_OBJECT_CONVERSION = YES_AGGRESSIVE;
				CLANG_CXX_LANGUAGE_STANDARD = "gnu++20";
				CLANG_ENABLE_MODULES = YES;
				CLANG_ENABLE_OBJC_ARC = YES;
				CLANG_ENABLE_OBJC_WEAK = YES;
				CLANG_WARN_BLOCK_CAPTURE_AUTORELEASING = YES;
				CLANG_WARN_BOOL_CONVERSION = YES;
				CLANG_WARN_COMMA = YES;
				CLANG_WARN_CONSTANT_CONVERSION = YES;
				CLANG_WARN_DEPRECATED_OBJC_IMPLEMENTATIONS = YES;
				CLANG_WARN_DIRECT_OBJC_ISA_USAGE = YES_ERROR;
				CLANG_WARN_DOCUMENTATION_COMMENTS = YES;
				CLANG_WARN_EMPTY_BODY = YES;
				CLANG_WARN_ENUM_CONVERSION = YES;
				CLANG_WARN_INFINITE_RECURSION = YES;
				CLANG_WARN_INT_CONVERSION = YES;
				CLANG_WARN_NON_LITERAL_NULL_CONVERSION = YES;
				CLANG_WARN_OBJC_IMPLICIT_RETAIN_SELF = YES;
				CLANG_WARN_OBJC_LITERAL_CONVERSION = YES;
				CLANG_WARN_OBJC_ROOT_CLASS = YES_ERROR;
				CLANG_WARN_QUOTED_INCLUDE_IN_FRAMEWORK_HEADER = YES;
				CLANG_WARN_RANGE_LOOP_ANALYSIS = YES;
				CLANG_WARN_STRICT_PROTOTYPES = YES;
				CLANG_WARN_SUSPICIOUS_MOVE = YES;
				CLANG_WARN_UNGUARDED_AVAILABILITY = YES_AGGRESSIVE;
				CLANG_WARN_UNREACHABLE_CODE = YES;
				CLANG_WARN__DUPLICATE_METHOD_MATCH = YES;
				COPY_PHASE_STRIP = NO;
				DEBUG_INFORMATION_FORMAT = dwarf;
				ENABLE_STRICT_OBJC_MSGSEND = YES;
				ENABLE_TESTABILITY = YES;
				ENABLE_USER_SCRIPT_SANDBOXING = YES;
				GCC_C_LANGUAGE_STANDARD = gnu17;
				GCC_DYNAMIC_NO_PIC = NO;
				GCC_NO_COMMON_BLOCKS = YES;
				GCC_OPTIMIZATION_LEVEL = 0;
				GCC_PREPROCESSOR_DEFINITIONS = (
					"DEBUG=1",
					"$(inherited)",
				);
				GCC_WARN_64_TO_32_BIT_CONVERSION = YES;
				GCC_WARN_ABOUT_RETURN_TYPE = YES_ERROR;
				GCC_WARN_UNDECLARED_SELECTOR = YES;
				GCC_WARN_UNINITIALIZED_AUTOS = YES_AGGRESSIVE;
				GCC_WARN_UNUSED_FUNCTION = YES;
				GCC_WARN_UNUSED_VARIABLE = YES;
				IPHONEOS_DEPLOYMENT_TARGET = 17.5;
				LOCALIZATION_PREFERS_STRING_CATALOGS = YES;
				MTL_ENABLE_DEBUG_INFO = INCLUDE_SOURCE;
				MTL_FAST_MATH = YES;
				ONLY_ACTIVE_ARCH = YES;
				SDKROOT = iphoneos;
				SWIFT_ACTIVE_COMPILATION_CONDITIONS = "DEBUG $(inherited)";
				SWIFT_OPTIMIZATION_LEVEL = "-Onone";
			};
			name = Debug;
		};
		A676BC322C5A604E00BB034D /* Release */ = {
			isa = XCBuildConfiguration;
			buildSettings = {
				ALWAYS_SEARCH_USER_PATHS = NO;
				ASSETCATALOG_COMPILER_GENERATE_SWIFT_ASSET_SYMBOL_EXTENSIONS = YES;
				CLANG_ANALYZER_NONNULL = YES;
				CLANG_ANALYZER_NUMBER_OBJECT_CONVERSION = YES_AGGRESSIVE;
				CLANG_CXX_LANGUAGE_STANDARD = "gnu++20";
				CLANG_ENABLE_MODULES = YES;
				CLANG_ENABLE_OBJC_ARC = YES;
				CLANG_ENABLE_OBJC_WEAK = YES;
				CLANG_WARN_BLOCK_CAPTURE_AUTORELEASING = YES;
				CLANG_WARN_BOOL_CONVERSION = YES;
				CLANG_WARN_COMMA = YES;
				CLANG_WARN_CONSTANT_CONVERSION = YES;
				CLANG_WARN_DEPRECATED_OBJC_IMPLEMENTATIONS = YES;
				CLANG_WARN_DIRECT_OBJC_ISA_USAGE = YES_ERROR;
				CLANG_WARN_DOCUMENTATION_COMMENTS = YES;
				CLANG_WARN_EMPTY_BODY = YES;
				CLANG_WARN_ENUM_CONVERSION = YES;
				CLANG_WARN_INFINITE_RECURSION = YES;
				CLANG_WARN_INT_CONVERSION = YES;
				CLANG_WARN_NON_LITERAL_NULL_CONVERSION = YES;
				CLANG_WARN_OBJC_IMPLICIT_RETAIN_SELF = YES;
				CLANG_WARN_OBJC_LITERAL_CONVERSION = YES;
				CLANG_WARN_OBJC_ROOT_CLASS = YES_ERROR;
				CLANG_WARN_QUOTED_INCLUDE_IN_FRAMEWORK_HEADER = YES;
				CLANG_WARN_RANGE_LOOP_ANALYSIS = YES;
				CLANG_WARN_STRICT_PROTOTYPES = YES;
				CLANG_WARN_SUSPICIOUS_MOVE = YES;
				CLANG_WARN_UNGUARDED_AVAILABILITY = YES_AGGRESSIVE;
				CLANG_WARN_UNREACHABLE_CODE = YES;
				CLANG_WARN__DUPLICATE_METHOD_MATCH = YES;
				COPY_PHASE_STRIP = NO;
				DEBUG_INFORMATION_FORMAT = "dwarf-with-dsym";
				ENABLE_NS_ASSERTIONS = NO;
				ENABLE_STRICT_OBJC_MSGSEND = YES;
				ENABLE_USER_SCRIPT_SANDBOXING = YES;
				GCC_C_LANGUAGE_STANDARD = gnu17;
				GCC_NO_COMMON_BLOCKS = YES;
				GCC_WARN_64_TO_32_BIT_CONVERSION = YES;
				GCC_WARN_ABOUT_RETURN_TYPE = YES_ERROR;
				GCC_WARN_UNDECLARED_SELECTOR = YES;
				GCC_WARN_UNINITIALIZED_AUTOS = YES_AGGRESSIVE;
				GCC_WARN_UNUSED_FUNCTION = YES;
				GCC_WARN_UNUSED_VARIABLE = YES;
				IPHONEOS_DEPLOYMENT_TARGET = 17.5;
				LOCALIZATION_PREFERS_STRING_CATALOGS = YES;
				MTL_ENABLE_DEBUG_INFO = NO;
				MTL_FAST_MATH = YES;
				SDKROOT = iphoneos;
				SWIFT_COMPILATION_MODE = wholemodule;
				VALIDATE_PRODUCT = YES;
			};
			name = Release;
		};
		A676BC342C5A604E00BB034D /* Debug */ = {
			isa = XCBuildConfiguration;
			baseConfigurationReference = 9296C7AA0A30FEC7F6A419DB /* Pods-MovieApp.debug.xcconfig */;
			buildSettings = {
				ASSETCATALOG_COMPILER_APPICON_NAME = AppIcon;
				ASSETCATALOG_COMPILER_GLOBAL_ACCENT_COLOR_NAME = AccentColor;
				CODE_SIGN_STYLE = Automatic;
				CURRENT_PROJECT_VERSION = 1;
				DEVELOPMENT_TEAM = YNH65UJDQA;
				ENABLE_USER_SCRIPT_SANDBOXING = NO;
				GENERATE_INFOPLIST_FILE = YES;
				INFOPLIST_FILE = MovieApp/Supports/Info.plist;
				INFOPLIST_KEY_UIApplicationSupportsIndirectInputEvents = YES;
				INFOPLIST_KEY_UILaunchStoryboardName = LaunchScreen;
				INFOPLIST_KEY_UISupportedInterfaceOrientations_iPad = "UIInterfaceOrientationPortrait UIInterfaceOrientationPortraitUpsideDown UIInterfaceOrientationLandscapeLeft UIInterfaceOrientationLandscapeRight";
				INFOPLIST_KEY_UISupportedInterfaceOrientations_iPhone = "UIInterfaceOrientationPortrait UIInterfaceOrientationLandscapeLeft UIInterfaceOrientationLandscapeRight";
				LD_RUNPATH_SEARCH_PATHS = (
					"$(inherited)",
					"@executable_path/Frameworks",
				);
				MARKETING_VERSION = 1.0;
				PRODUCT_BUNDLE_IDENTIFIER = OzkanNevin.MovieApp;
				PRODUCT_NAME = "$(TARGET_NAME)";
				SWIFT_EMIT_LOC_STRINGS = YES;
				SWIFT_VERSION = 5.0;
				TARGETED_DEVICE_FAMILY = "1,2";
			};
			name = Debug;
		};
		A676BC352C5A604E00BB034D /* Release */ = {
			isa = XCBuildConfiguration;
			baseConfigurationReference = 5453371E7F5A37A8959672B9 /* Pods-MovieApp.release.xcconfig */;
			buildSettings = {
				ASSETCATALOG_COMPILER_APPICON_NAME = AppIcon;
				ASSETCATALOG_COMPILER_GLOBAL_ACCENT_COLOR_NAME = AccentColor;
				CODE_SIGN_STYLE = Automatic;
				CURRENT_PROJECT_VERSION = 1;
				DEVELOPMENT_TEAM = YNH65UJDQA;
				ENABLE_USER_SCRIPT_SANDBOXING = NO;
				GENERATE_INFOPLIST_FILE = YES;
				INFOPLIST_FILE = MovieApp/Supports/Info.plist;
				INFOPLIST_KEY_UIApplicationSupportsIndirectInputEvents = YES;
				INFOPLIST_KEY_UILaunchStoryboardName = LaunchScreen;
				INFOPLIST_KEY_UISupportedInterfaceOrientations_iPad = "UIInterfaceOrientationPortrait UIInterfaceOrientationPortraitUpsideDown UIInterfaceOrientationLandscapeLeft UIInterfaceOrientationLandscapeRight";
				INFOPLIST_KEY_UISupportedInterfaceOrientations_iPhone = "UIInterfaceOrientationPortrait UIInterfaceOrientationLandscapeLeft UIInterfaceOrientationLandscapeRight";
				LD_RUNPATH_SEARCH_PATHS = (
					"$(inherited)",
					"@executable_path/Frameworks",
				);
				MARKETING_VERSION = 1.0;
				PRODUCT_BUNDLE_IDENTIFIER = OzkanNevin.MovieApp;
				PRODUCT_NAME = "$(TARGET_NAME)";
				SWIFT_EMIT_LOC_STRINGS = YES;
				SWIFT_VERSION = 5.0;
				TARGETED_DEVICE_FAMILY = "1,2";
			};
			name = Release;
		};
/* End XCBuildConfiguration section */

/* Begin XCConfigurationList section */
		A676BC1A2C5A604C00BB034D /* Build configuration list for PBXProject "MovieApp" */ = {
			isa = XCConfigurationList;
			buildConfigurations = (
				A676BC312C5A604E00BB034D /* Debug */,
				A676BC322C5A604E00BB034D /* Release */,
			);
			defaultConfigurationIsVisible = 0;
			defaultConfigurationName = Release;
		};
		A676BC332C5A604E00BB034D /* Build configuration list for PBXNativeTarget "MovieApp" */ = {
			isa = XCConfigurationList;
			buildConfigurations = (
				A676BC342C5A604E00BB034D /* Debug */,
				A676BC352C5A604E00BB034D /* Release */,
			);
			defaultConfigurationIsVisible = 0;
			defaultConfigurationName = Release;
		};
/* End XCConfigurationList section */
	};
	rootObject = A676BC172C5A604C00BB034D /* Project object */;
}
